Microsoft Visual Studio Solution File, Format Version 12.00
# Visual Studio Version 17
VisualStudioVersion = 17.5.2.0
MinimumVisualStudioVersion = 10.0.40219.1
Project("{FAE04EC0-301F-11D3-BF4B-00C04F79EFBC}") = "webApi.Tests", "webApi.Tests.csproj", "{9F2CFD5A-6EF5-C830-C568-8C12E391E45D}"
EndProject
Global
	GlobalSection(SolutionConfigurationPlatforms) = preSolution
		Debug|Any CPU = Debug|Any CPU
		Release|Any CPU = Release|Any CPU
	EndGlobalSection
	GlobalSection(ProjectConfigurationPlatforms) = postSolution
		{9F2CFD5A-6EF5-C830-C568-8C12E391E45D}.Debug|Any CPU.ActiveCfg = Debug|Any CPU
		{9F2CFD5A-6EF5-C830-C568-8C12E391E45D}.Debug|Any CPU.Build.0 = Debug|Any CPU
		{9F2CFD5A-6EF5-C830-C568-8C12E391E45D}.Release|Any CPU.ActiveCfg = Release|Any CPU
		{9F2CFD5A-6EF5-C830-C568-8C12E391E45D}.Release|Any CPU.Build.0 = Release|Any CPU
	EndGlobalSection
	GlobalSection(SolutionProperties) = preSolution
		HideSolutionNode = FALSE
	EndGlobalSection
	GlobalSection(ExtensibilityGlobals) = postSolution
		SolutionGuid = {EE3E4671-B72D-40C7-BA8E-8BD7FC7A06E8}
	EndGlobalSection
EndGlobal
